
Microsoft Visual Studio Solution File, Format Version 12.00
# Visual Studio 15
VisualStudioVersion = 15.0.28010.2016
MinimumVisualStudioVersion = 10.0.40219.1
Project("{FAE04EC0-301F-11D3-BF4B-00C04F79EFBC}") = "TorrentOpener", "TorrentOpener\TorrentOpener.csproj", "{794CB67B-00AE-4F31-85D0-84F3026D3DE7}"
EndProject
Project("{2150E333-8FDC-42A3-9474-1A3956D46DE8}") = "Solution Items", "Solution Items", "{3FB8AE55-9F8D-4DEF-ABEA-96308373F711}"
	ProjectSection(SolutionItems) = preProject
		.editorconfig = .editorconfig
	EndProjectSection
EndProject
Global
	GlobalSection(SolutionConfigurationPlatforms) = preSolution
		Debug|Any CPU = Debug|Any CPU
		Release|Any CPU = Release|Any CPU
	EndGlobalSection
	GlobalSection(ProjectConfigurationPlatforms) = postSolution
		{794CB67B-00AE-4F31-85D0-84F3026D3DE7}.Debug|Any CPU.ActiveCfg = Debug|Any CPU
		{794CB67B-00AE-4F31-85D0-84F3026D3DE7}.Debug|Any CPU.Build.0 = Debug|Any CPU
		{794CB67B-00AE-4F31-85D0-84F3026D3DE7}.Release|Any CPU.ActiveCfg = Release|Any CPU
		{794CB67B-00AE-4F31-85D0-84F3026D3DE7}.Release|Any CPU.Build.0 = Release|Any CPU
	EndGlobalSection
	GlobalSection(SolutionProperties) = preSolution
		HideSolutionNode = FALSE
	EndGlobalSection
	GlobalSection(ExtensibilityGlobals) = postSolution
		SolutionGuid = {27B267A7-0DE4-40F3-980A-F9C619C42F05}
	EndGlobalSection
EndGlobal
